
Microsoft Visual Studio Solution File, Format Version 12.00
# Visual Studio Version 16
VisualStudioVersion = 16.0.30503.244
MinimumVisualStudioVersion = 10.0.40219.1
Project("{FAE04EC0-301F-11D3-BF4B-00C04F79EFBC}") = "Form1", "Form1\Form1.csproj", "{21001DFC-4DE3-44EE-8892-D9061D393DBA}"
EndProject
Global
	GlobalSection(SolutionConfigurationPlatforms) = preSolution
		Debug|Any CPU = Debug|Any CPU
		Release|Any CPU = Release|Any CPU
	EndGlobalSection
	GlobalSection(ProjectConfigurationPlatforms) = postSolution
		{21001DFC-4DE3-44EE-8892-D9061D393DBA}.Debug|Any CPU.ActiveCfg = Debug|Any CPU
		{21001DFC-4DE3-44EE-8892-D9061D393DBA}.Debug|Any CPU.Build.0 = Debug|Any CPU
		{21001DFC-4DE3-44EE-8892-D9061D393DBA}.Release|Any CPU.ActiveCfg = Release|Any CPU
		{21001DFC-4DE3-44EE-8892-D9061D393DBA}.Release|Any CPU.Build.0 = Release|Any CPU
	EndGlobalSection
	GlobalSection(SolutionProperties) = preSolution
		HideSolutionNode = FALSE
	EndGlobalSection
	GlobalSection(ExtensibilityGlobals) = postSolution
		SolutionGuid = {A4A960E7-D18E-45B6-B823-12CB086403EE}
	EndGlobalSection
EndGlobal
